// !$*UTF8*$!
{
	archiveVersion = 1;
	classes = {
	};
	objectVersion = 56;
	objects = {

/* Begin PBXBuildFile section */
		491B27312A1191EF003F3D84 /* NewsView.swift in Sources */ = {isa = PBXBuildFile; fileRef = 491B27302A1191EF003F3D84 /* NewsView.swift */; };
		4922E8692A02002A00836A6B /* StarBucksSwiftUIApp.swift in Sources */ = {isa = PBXBuildFile; fileRef = 4922E8682A02002A00836A6B /* StarBucksSwiftUIApp.swift */; };
		4922E86B2A02002A00836A6B /* ContentView.swift in Sources */ = {isa = PBXBuildFile; fileRef = 4922E86A2A02002A00836A6B /* ContentView.swift */; };
		4922E86D2A02002C00836A6B /* Assets.xcassets in Resources */ = {isa = PBXBuildFile; fileRef = 4922E86C2A02002C00836A6B /* Assets.xcassets */; };
		4922E8702A02002C00836A6B /* Preview Assets.xcassets in Resources */ = {isa = PBXBuildFile; fileRef = 4922E86F2A02002C00836A6B /* Preview Assets.xcassets */; };
		4922E8792A02024400836A6B /* RecommendMenuView.swift in Sources */ = {isa = PBXBuildFile; fileRef = 4922E8782A02024400836A6B /* RecommendMenuView.swift */; };
		4983F60F2A089923002A7D15 /* HomeView.swift in Sources */ = {isa = PBXBuildFile; fileRef = 4983F60E2A089923002A7D15 /* HomeView.swift */; };
		4983F6132A089A15002A7D15 /* StatusView.swift in Sources */ = {isa = PBXBuildFile; fileRef = 4983F6122A089A15002A7D15 /* StatusView.swift */; };
		499D0A1F2A0C8E96009972D3 /* EventBanner.swift in Sources */ = {isa = PBXBuildFile; fileRef = 499D0A1E2A0C8E96009972D3 /* EventBanner.swift */; };
		499D0A212A0C91A5009972D3 /* NewsListView.swift in Sources */ = {isa = PBXBuildFile; fileRef = 499D0A202A0C91A5009972D3 /* NewsListView.swift */; };
		49E39B362A0B022D0003F278 /* BannerView.swift in Sources */ = {isa = PBXBuildFile; fileRef = 49E39B352A0B022D0003F278 /* BannerView.swift */; };
		49E39B382A0B04430003F278 /* MainEventView.swift in Sources */ = {isa = PBXBuildFile; fileRef = 49E39B372A0B04430003F278 /* MainEventView.swift */; };
/* End PBXBuildFile section */

/* Begin PBXFileReference section */
		491B27302A1191EF003F3D84 /* NewsView.swift */ = {isa = PBXFileReference; lastKnownFileType = sourcecode.swift; path = NewsView.swift; sourceTree = "<group>"; };
		4922E8652A02002A00836A6B /* StarBucksSwiftUI.app */ = {isa = PBXFileReference; explicitFileType = wrapper.application; includeInIndex = 0; path = StarBucksSwiftUI.app; sourceTree = BUILT_PRODUCTS_DIR; };
		4922E8682A02002A00836A6B /* StarBucksSwiftUIApp.swift */ = {isa = PBXFileReference; lastKnownFileType = sourcecode.swift; path = StarBucksSwiftUIApp.swift; sourceTree = "<group>"; };
		4922E86A2A02002A00836A6B /* ContentView.swift */ = {isa = PBXFileReference; lastKnownFileType = sourcecode.swift; path = ContentView.swift; sourceTree = "<group>"; };
		4922E86C2A02002C00836A6B /* Assets.xcassets */ = {isa = PBXFileReference; lastKnownFileType = folder.assetcatalog; path = Assets.xcassets; sourceTree = "<group>"; };
		4922E86F2A02002C00836A6B /* Preview Assets.xcassets */ = {isa = PBXFileReference; lastKnownFileType = folder.assetcatalog; path = "Preview Assets.xcassets"; sourceTree = "<group>"; };
		4922E8782A02024400836A6B /* RecommendMenuView.swift */ = {isa = PBXFileReference; lastKnownFileType = sourcecode.swift; path = RecommendMenuView.swift; sourceTree = "<group>"; };
		4983F60E2A089923002A7D15 /* HomeView.swift */ = {isa = PBXFileReference; lastKnownFileType = sourcecode.swift; path = HomeView.swift; sourceTree = "<group>"; };
		4983F6122A089A15002A7D15 /* StatusView.swift */ = {isa = PBXFileReference; lastKnownFileType = sourcecode.swift; path = StatusView.swift; sourceTree = "<group>"; };
		499D0A1E2A0C8E96009972D3 /* EventBanner.swift */ = {isa = PBXFileReference; lastKnownFileType = sourcecode.swift; path = EventBanner.swift; sourceTree = "<group>"; };
		499D0A202A0C91A5009972D3 /* NewsListView.swift */ = {isa = PBXFileReference; lastKnownFileType = sourcecode.swift; path = NewsListView.swift; sourceTree = "<group>"; };
		49E39B352A0B022D0003F278 /* BannerView.swift */ = {isa = PBXFileReference; lastKnownFileType = sourcecode.swift; path = BannerView.swift; sourceTree = "<group>"; };
		49E39B372A0B04430003F278 /* MainEventView.swift */ = {isa = PBXFileReference; lastKnownFileType = sourcecode.swift; path = MainEventView.swift; sourceTree = "<group>"; };
/* End PBXFileReference section */

/* Begin PBXFrameworksBuildPhase section */
		4922E8622A02002A00836A6B /* Frameworks */ = {
			isa = PBXFrameworksBuildPhase;
			buildActionMask = 2147483647;
			files = (
			);
			runOnlyForDeploymentPostprocessing = 0;
		};
/* End PBXFrameworksBuildPhase section */

/* Begin PBXGroup section */
		491B272A2A119188003F3D84 /* Recommend */ = {
			isa = PBXGroup;
			children = (
				4922E8782A02024400836A6B /* RecommendMenuView.swift */,
			);
			path = Recommend;
			sourceTree = "<group>";
		};
		491B272B2A119192003F3D84 /* Status */ = {
			isa = PBXGroup;
			children = (
				4983F6122A089A15002A7D15 /* StatusView.swift */,
			);
			path = Status;
			sourceTree = "<group>";
		};
		491B272C2A11919A003F3D84 /* Banner */ = {
			isa = PBXGroup;
			children = (
				49E39B352A0B022D0003F278 /* BannerView.swift */,
			);
			path = Banner;
			sourceTree = "<group>";
		};
		491B272D2A1191A1003F3D84 /* MainEvent */ = {
			isa = PBXGroup;
			children = (
				49E39B372A0B04430003F278 /* MainEventView.swift */,
			);
			path = MainEvent;
			sourceTree = "<group>";
		};
		491B272E2A1191AA003F3D84 /* Event */ = {
			isa = PBXGroup;
			children = (
				499D0A1E2A0C8E96009972D3 /* EventBanner.swift */,
			);
			path = Event;
			sourceTree = "<group>";
		};
		491B272F2A1191B7003F3D84 /* News */ = {
			isa = PBXGroup;
			children = (
				499D0A202A0C91A5009972D3 /* NewsListView.swift */,
				491B27302A1191EF003F3D84 /* NewsView.swift */,
			);
			path = News;
			sourceTree = "<group>";
		};
		4922E85C2A02002A00836A6B = {
			isa = PBXGroup;
			children = (
				4922E8672A02002A00836A6B /* StarBucksSwiftUI */,
				4922E8662A02002A00836A6B /* Products */,
			);
			sourceTree = "<group>";
		};
		4922E8662A02002A00836A6B /* Products */ = {
			isa = PBXGroup;
			children = (
				4922E8652A02002A00836A6B /* StarBucksSwiftUI.app */,
			);
			name = Products;
			sourceTree = "<group>";
		};
		4922E8672A02002A00836A6B /* StarBucksSwiftUI */ = {
			isa = PBXGroup;
			children = (
				4922E8682A02002A00836A6B /* StarBucksSwiftUIApp.swift */,
				49E39B332A0AFF620003F278 /* Scene */,
				4922E86C2A02002C00836A6B /* Assets.xcassets */,
				4922E86E2A02002C00836A6B /* Preview Content */,
			);
			path = StarBucksSwiftUI;
			sourceTree = "<group>";
		};
		4922E86E2A02002C00836A6B /* Preview Content */ = {
			isa = PBXGroup;
			children = (
				4922E86F2A02002C00836A6B /* Preview Assets.xcassets */,
			);
			path = "Preview Content";
			sourceTree = "<group>";
		};
		49E39B332A0AFF620003F278 /* Scene */ = {
			isa = PBXGroup;
			children = (
				4922E86A2A02002A00836A6B /* ContentView.swift */,
				49E39B342A0B017B0003F278 /* Home */,
			);
			path = Scene;
			sourceTree = "<group>";
		};
		49E39B342A0B017B0003F278 /* Home */ = {
			isa = PBXGroup;
			children = (
				4983F60E2A089923002A7D15 /* HomeView.swift */,
				491B272A2A119188003F3D84 /* Recommend */,
				491B272B2A119192003F3D84 /* Status */,
				491B272C2A11919A003F3D84 /* Banner */,
				491B272D2A1191A1003F3D84 /* MainEvent */,
				491B272E2A1191AA003F3D84 /* Event */,
				491B272F2A1191B7003F3D84 /* News */,
			);
			path = Home;
			sourceTree = "<group>";
		};
/* End PBXGroup section */

/* Begin PBXNativeTarget section */
		4922E8642A02002A00836A6B /* StarBucksSwiftUI */ = {
			isa = PBXNativeTarget;
			buildConfigurationList = 4922E8732A02002C00836A6B /* Build configuration list for PBXNativeTarget "StarBucksSwiftUI" */;
			buildPhases = (
				4922E8612A02002A00836A6B /* Sources */,
				4922E8622A02002A00836A6B /* Frameworks */,
				4922E8632A02002A00836A6B /* Resources */,
			);
			buildRules = (
			);
			dependencies = (
			);
			name = StarBucksSwiftUI;
			productName = StarBucksSwiftUI;
			productReference = 4922E8652A02002A00836A6B /* StarBucksSwiftUI.app */;
			productType = "com.apple.product-type.application";
		};
/* End PBXNativeTarget section */

/* Begin PBXProject section */
		4922E85D2A02002A00836A6B /* Project object */ = {
			isa = PBXProject;
			attributes = {
				BuildIndependentTargetsInParallel = 1;
				LastSwiftUpdateCheck = 1420;
				LastUpgradeCheck = 1420;
				TargetAttributes = {
					4922E8642A02002A00836A6B = {
						CreatedOnToolsVersion = 14.2;
					};
				};
			};
			buildConfigurationList = 4922E8602A02002A00836A6B /* Build configuration list for PBXProject "StarBucksSwiftUI" */;
			compatibilityVersion = "Xcode 14.0";
			developmentRegion = en;
			hasScannedForEncodings = 0;
			knownRegions = (
				en,
				Base,
			);
			mainGroup = 4922E85C2A02002A00836A6B;
			productRefGroup = 4922E8662A02002A00836A6B /* Products */;
			projectDirPath = "";
			projectRoot = "";
			targets = (
				4922E8642A02002A00836A6B /* StarBucksSwiftUI */,
			);
		};
/* End PBXProject section */

/* Begin PBXResourcesBuildPhase section */
		4922E8632A02002A00836A6B /* Resources */ = {
			isa = PBXResourcesBuildPhase;
			buildActionMask = 2147483647;
			files = (
				4922E8702A02002C00836A6B /* Preview Assets.xcassets in Resources */,
				4922E86D2A02002C00836A6B /* Assets.xcassets in Resources */,
			);
			runOnlyForDeploymentPostprocessing = 0;
		};
/* End PBXResourcesBuildPhase section */

/* Begin PBXSourcesBuildPhase section */
		4922E8612A02002A00836A6B /* Sources */ = {
			isa = PBXSourcesBuildPhase;
			buildActionMask = 2147483647;
			files = (
				4922E8792A02024400836A6B /* RecommendMenuView.swift in Sources */,
				4983F60F2A089923002A7D15 /* HomeView.swift in Sources */,
				49E39B362A0B022D0003F278 /* BannerView.swift in Sources */,
				491B27312A1191EF003F3D84 /* NewsView.swift in Sources */,
				499D0A212A0C91A5009972D3 /* NewsListView.swift in Sources */,
				4922E86B2A02002A00836A6B /* ContentView.swift in Sources */,
				499D0A1F2A0C8E96009972D3 /* EventBanner.swift in Sources */,
				49E39B382A0B04430003F278 /* MainEventView.swift in Sources */,
				4922E8692A02002A00836A6B /* StarBucksSwiftUIApp.swift in Sources */,
				4983F6132A089A15002A7D15 /* StatusView.swift in Sources */,
			);
			runOnlyForDeploymentPostprocessing = 0;
		};
/* End PBXSourcesBuildPhase section */

/* Begin XCBuildConfiguration section */
		4922E8712A02002C00836A6B /* Debug */ = {
			isa = XCBuildConfiguration;
			buildSettings = {
				ALWAYS_SEARCH_USER_PATHS = NO;
				CLANG_ANALYZER_NONNULL = YES;
				CLANG_ANALYZER_NUMBER_OBJECT_CONVERSION = YES_AGGRESSIVE;
				CLANG_CXX_LANGUAGE_STANDARD = "gnu++20";
				CLANG_ENABLE_MODULES = YES;
				CLANG_ENABLE_OBJC_ARC = YES;
				CLANG_ENABLE_OBJC_WEAK = YES;
				CLANG_WARN_BLOCK_CAPTURE_AUTORELEASING = YES;
				CLANG_WARN_BOOL_CONVERSION = YES;
				CLANG_WARN_COMMA = YES;
				CLANG_WARN_CONSTANT_CONVERSION = YES;
				CLANG_WARN_DEPRECATED_OBJC_IMPLEMENTATIONS = YES;
				CLANG_WARN_DIRECT_OBJC_ISA_USAGE = YES_ERROR;
				CLANG_WARN_DOCUMENTATION_COMMENTS = YES;
				CLANG_WARN_EMPTY_BODY = YES;
				CLANG_WARN_ENUM_CONVERSION = YES;
				CLANG_WARN_INFINITE_RECURSION = YES;
				CLANG_WARN_INT_CONVERSION = YES;
				CLANG_WARN_NON_LITERAL_NULL_CONVERSION = YES;
				CLANG_WARN_OBJC_IMPLICIT_RETAIN_SELF = YES;
				CLANG_WARN_OBJC_LITERAL_CONVERSION = YES;
				CLANG_WARN_OBJC_ROOT_CLASS = YES_ERROR;
				CLANG_WARN_QUOTED_INCLUDE_IN_FRAMEWORK_HEADER = YES;
				CLANG_WARN_RANGE_LOOP_ANALYSIS = YES;
				CLANG_WARN_STRICT_PROTOTYPES = YES;
				CLANG_WARN_SUSPICIOUS_MOVE = YES;
				CLANG_WARN_UNGUARDED_AVAILABILITY = YES_AGGRESSIVE;
				CLANG_WARN_UNREACHABLE_CODE = YES;
				CLANG_WARN__DUPLICATE_METHOD_MATCH = YES;
				COPY_PHASE_STRIP = NO;
				DEBUG_INFORMATION_FORMAT = dwarf;
				ENABLE_STRICT_OBJC_MSGSEND = YES;
				ENABLE_TESTABILITY = YES;
				GCC_C_LANGUAGE_STANDARD = gnu11;
				GCC_DYNAMIC_NO_PIC = NO;
				GCC_NO_COMMON_BLOCKS = YES;
				GCC_OPTIMIZATION_LEVEL = 0;
				GCC_PREPROCESSOR_DEFINITIONS = (
					"DEBUG=1",
					"$(inherited)",
				);
				GCC_WARN_64_TO_32_BIT_CONVERSION = YES;
				GCC_WARN_ABOUT_RETURN_TYPE = YES_ERROR;
				GCC_WARN_UNDECLARED_SELECTOR = YES;
				GCC_WARN_UNINITIALIZED_AUTOS = YES_AGGRESSIVE;
				GCC_WARN_UNUSED_FUNCTION = YES;
				GCC_WARN_UNUSED_VARIABLE = YES;
				IPHONEOS_DEPLOYMENT_TARGET = 16.2;
				MTL_ENABLE_DEBUG_INFO = INCLUDE_SOURCE;
				MTL_FAST_MATH = YES;
				ONLY_ACTIVE_ARCH = YES;
				SDKROOT = iphoneos;
				SWIFT_ACTIVE_COMPILATION_CONDITIONS = DEBUG;
				SWIFT_OPTIMIZATION_LEVEL = "-Onone";
			};
			name = Debug;
		};
		4922E8722A02002C00836A6B /* Release */ = {
			isa = XCBuildConfiguration;
			buildSettings = {
				ALWAYS_SEARCH_USER_PATHS = NO;
				CLANG_ANALYZER_NONNULL = YES;
				CLANG_ANALYZER_NUMBER_OBJECT_CONVERSION = YES_AGGRESSIVE;
				CLANG_CXX_LANGUAGE_STANDARD = "gnu++20";
				CLANG_ENABLE_MODULES = YES;
				CLANG_ENABLE_OBJC_ARC = YES;
				CLANG_ENABLE_OBJC_WEAK = YES;
				CLANG_WARN_BLOCK_CAPTURE_AUTORELEASING = YES;
				CLANG_WARN_BOOL_CONVERSION = YES;
				CLANG_WARN_COMMA = YES;
				CLANG_WARN_CONSTANT_CONVERSION = YES;
				CLANG_WARN_DEPRECATED_OBJC_IMPLEMENTATIONS = YES;
				CLANG_WARN_DIRECT_OBJC_ISA_USAGE = YES_ERROR;
				CLANG_WARN_DOCUMENTATION_COMMENTS = YES;
				CLANG_WARN_EMPTY_BODY = YES;
				CLANG_WARN_ENUM_CONVERSION = YES;
				CLANG_WARN_INFINITE_RECURSION = YES;
				CLANG_WARN_INT_CONVERSION = YES;
				CLANG_WARN_NON_LITERAL_NULL_CONVERSION = YES;
				CLANG_WARN_OBJC_IMPLICIT_RETAIN_SELF = YES;
				CLANG_WARN_OBJC_LITERAL_CONVERSION = YES;
				CLANG_WARN_OBJC_ROOT_CLASS = YES_ERROR;
				CLANG_WARN_QUOTED_INCLUDE_IN_FRAMEWORK_HEADER = YES;
				CLANG_WARN_RANGE_LOOP_ANALYSIS = YES;
				CLANG_WARN_STRICT_PROTOTYPES = YES;
				CLANG_WARN_SUSPICIOUS_MOVE = YES;
				CLANG_WARN_UNGUARDED_AVAILABILITY = YES_AGGRESSIVE;
				CLANG_WARN_UNREACHABLE_CODE = YES;
				CLANG_WARN__DUPLICATE_METHOD_MATCH = YES;
				COPY_PHASE_STRIP = NO;
				DEBUG_INFORMATION_FORMAT = "dwarf-with-dsym";
				ENABLE_NS_ASSERTIONS = NO;
				ENABLE_STRICT_OBJC_MSGSEND = YES;
				GCC_C_LANGUAGE_STANDARD = gnu11;
				GCC_NO_COMMON_BLOCKS = YES;
				GCC_WARN_64_TO_32_BIT_CONVERSION = YES;
				GCC_WARN_ABOUT_RETURN_TYPE = YES_ERROR;
				GCC_WARN_UNDECLARED_SELECTOR = YES;
				GCC_WARN_UNINITIALIZED_AUTOS = YES_AGGRESSIVE;
				GCC_WARN_UNUSED_FUNCTION = YES;
				GCC_WARN_UNUSED_VARIABLE = YES;
				IPHONEOS_DEPLOYMENT_TARGET = 16.2;
				MTL_ENABLE_DEBUG_INFO = NO;
				MTL_FAST_MATH = YES;
				SDKROOT = iphoneos;
				SWIFT_COMPILATION_MODE = wholemodule;
				SWIFT_OPTIMIZATION_LEVEL = "-O";
				VALIDATE_PRODUCT = YES;
			};
			name = Release;
		};
		4922E8742A02002C00836A6B /* Debug */ = {
			isa = XCBuildConfiguration;
			buildSettings = {
				ASSETCATALOG_COMPILER_APPICON_NAME = AppIcon;
				ASSETCATALOG_COMPILER_GLOBAL_ACCENT_COLOR_NAME = AccentColor;
				CODE_SIGN_STYLE = Automatic;
				CURRENT_PROJECT_VERSION = 1;
				DEVELOPMENT_ASSET_PATHS = "\"StarBucksSwiftUI/Preview Content\"";
				DEVELOPMENT_TEAM = HDFLLXK789;
				ENABLE_PREVIEWS = YES;
				GENERATE_INFOPLIST_FILE = YES;
				INFOPLIST_KEY_UIApplicationSceneManifest_Generation = YES;
				INFOPLIST_KEY_UIApplicationSupportsIndirectInputEvents = YES;
				INFOPLIST_KEY_UILaunchScreen_Generation = YES;
				INFOPLIST_KEY_UISupportedInterfaceOrientations_iPad = "UIInterfaceOrientationPortrait UIInterfaceOrientationPortraitUpsideDown UIInterfaceOrientationLandscapeLeft UIInterfaceOrientationLandscapeRight";
				INFOPLIST_KEY_UISupportedInterfaceOrientations_iPhone = "UIInterfaceOrientationPortrait UIInterfaceOrientationLandscapeLeft UIInterfaceOrientationLandscapeRight";
				LD_RUNPATH_SEARCH_PATHS = (
					"$(inherited)",
					"@executable_path/Frameworks",
				);
				MARKETING_VERSION = 1.0;
				PRODUCT_BUNDLE_IDENTIFIER = com.ycompany.StarBucksSwiftUI;
				PRODUCT_NAME = "$(TARGET_NAME)";
				SWIFT_EMIT_LOC_STRINGS = YES;
				SWIFT_VERSION = 5.0;
				TARGETED_DEVICE_FAMILY = "1,2";
			};
			name = Debug;
		};
		4922E8752A02002C00836A6B /* Release */ = {
			isa = XCBuildConfiguration;
			buildSettings = {
				ASSETCATALOG_COMPILER_APPICON_NAME = AppIcon;
				ASSETCATALOG_COMPILER_GLOBAL_ACCENT_COLOR_NAME = AccentColor;
				CODE_SIGN_STYLE = Automatic;
				CURRENT_PROJECT_VERSION = 1;
				DEVELOPMENT_ASSET_PATHS = "\"StarBucksSwiftUI/Preview Content\"";
				DEVELOPMENT_TEAM = HDFLLXK789;
				ENABLE_PREVIEWS = YES;
				GENERATE_INFOPLIST_FILE = YES;
				INFOPLIST_KEY_UIApplicationSceneManifest_Generation = YES;
				INFOPLIST_KEY_UIApplicationSupportsIndirectInputEvents = YES;
				INFOPLIST_KEY_UILaunchScreen_Generation = YES;
				INFOPLIST_KEY_UISupportedInterfaceOrientations_iPad = "UIInterfaceOrientationPortrait UIInterfaceOrientationPortraitUpsideDown UIInterfaceOrientationLandscapeLeft UIInterfaceOrientationLandscapeRight";
				INFOPLIST_KEY_UISupportedInterfaceOrientations_iPhone = "UIInterfaceOrientationPortrait UIInterfaceOrientationLandscapeLeft UIInterfaceOrientationLandscapeRight";
				LD_RUNPATH_SEARCH_PATHS = (
					"$(inherited)",
					"@executable_path/Frameworks",
				);
				MARKETING_VERSION = 1.0;
				PRODUCT_BUNDLE_IDENTIFIER = com.ycompany.StarBucksSwiftUI;
				PRODUCT_NAME = "$(TARGET_NAME)";
				SWIFT_EMIT_LOC_STRINGS = YES;
				SWIFT_VERSION = 5.0;
				TARGETED_DEVICE_FAMILY = "1,2";
			};
			name = Release;
		};
/* End XCBuildConfiguration section */

/* Begin XCConfigurationList section */
		4922E8602A02002A00836A6B /* Build configuration list for PBXProject "StarBucksSwiftUI" */ = {
			isa = XCConfigurationList;
			buildConfigurations = (
				4922E8712A02002C00836A6B /* Debug */,
				4922E8722A02002C00836A6B /* Release */,
			);
			defaultConfigurationIsVisible = 0;
			defaultConfigurationName = Release;
		};
		4922E8732A02002C00836A6B /* Build configuration list for PBXNativeTarget "StarBucksSwiftUI" */ = {
			isa = XCConfigurationList;
			buildConfigurations = (
				4922E8742A02002C00836A6B /* Debug */,
				4922E8752A02002C00836A6B /* Release */,
			);
			defaultConfigurationIsVisible = 0;
			defaultConfigurationName = Release;
		};
/* End XCConfigurationList section */
	};
	rootObject = 4922E85D2A02002A00836A6B /* Project object */;
}
